
Microsoft Visual Studio Solution File, Format Version 12.00
# Visual Studio Version 17
VisualStudioVersion = 17.2.32616.157
MinimumVisualStudioVersion = 10.0.40219.1
Project("{9A19103F-16F7-4668-BE54-9A1E7A4F7556}") = "i3win64", "i3win64.csproj", "{AB73EA05-3F01-4166-B984-5F72AD3DC043}"
EndProject
Global
	GlobalSection(SolutionConfigurationPlatforms) = preSolution
		Debug|Any CPU = Debug|Any CPU
		Release|Any CPU = Release|Any CPU
	EndGlobalSection
	GlobalSection(ProjectConfigurationPlatforms) = postSolution
		{AB73EA05-3F01-4166-B984-5F72AD3DC043}.Debug|Any CPU.ActiveCfg = Debug|Any CPU
		{AB73EA05-3F01-4166-B984-5F72AD3DC043}.Debug|Any CPU.Build.0 = Debug|Any CPU
		{AB73EA05-3F01-4166-B984-5F72AD3DC043}.Release|Any CPU.ActiveCfg = Release|Any CPU
		{AB73EA05-3F01-4166-B984-5F72AD3DC043}.Release|Any CPU.Build.0 = Release|Any CPU
	EndGlobalSection
	GlobalSection(SolutionProperties) = preSolution
		HideSolutionNode = FALSE
	EndGlobalSection
	GlobalSection(ExtensibilityGlobals) = postSolution
		SolutionGuid = {47668190-2357-40CD-8DBB-005C97E38B01}
	EndGlobalSection
EndGlobal
